
Microsoft Visual Studio Solution File, Format Version 12.00
# Visual Studio Version 17
VisualStudioVersion = 17.14.36327.8 d17.14
MinimumVisualStudioVersion = 10.0.40219.1
Project("{FAE04EC0-301F-11D3-BF4B-00C04F79EFBC}") = "HaritaUygulamasi", "HaritaUygulamasi\HaritaUygulamasi.csproj", "{2E9139DB-0386-4C31-BF72-7B66457AD65A}"
EndProject
Global
	GlobalSection(SolutionConfigurationPlatforms) = preSolution
		Debug|Any CPU = Debug|Any CPU
		Release|Any CPU = Release|Any CPU
	EndGlobalSection
	GlobalSection(ProjectConfigurationPlatforms) = postSolution
		{2E9139DB-0386-4C31-BF72-7B66457AD65A}.Debug|Any CPU.ActiveCfg = Debug|Any CPU
		{2E9139DB-0386-4C31-BF72-7B66457AD65A}.Debug|Any CPU.Build.0 = Debug|Any CPU
		{2E9139DB-0386-4C31-BF72-7B66457AD65A}.Release|Any CPU.ActiveCfg = Release|Any CPU
		{2E9139DB-0386-4C31-BF72-7B66457AD65A}.Release|Any CPU.Build.0 = Release|Any CPU
	EndGlobalSection
	GlobalSection(SolutionProperties) = preSolution
		HideSolutionNode = FALSE
	EndGlobalSection
	GlobalSection(ExtensibilityGlobals) = postSolution
		SolutionGuid = {86131AE4-606E-4DC8-A406-299FAC618990}
	EndGlobalSection
EndGlobal
